
Microsoft Visual Studio Solution File, Format Version 12.00
# Visual Studio Version 17
VisualStudioVersion = 17.14.37012.4 d17.14
MinimumVisualStudioVersion = 10.0.40219.1
Project("{FAE04EC0-301F-11D3-BF4B-00C04F79EFBC}") = "FinanceApp.Domain", "FinanceApp.Domain\FinanceApp.Domain.csproj", "{2F13FE11-5A82-438A-B87F-D490C324AA60}"
EndProject
Project("{FAE04EC0-301F-11D3-BF4B-00C04F79EFBC}") = "FinanceApp.Application", "FinanceApp.Application\FinanceApp.Application.csproj", "{19929BC7-110D-46EF-BE13-0A4F8A29AA3A}"
EndProject
Project("{FAE04EC0-301F-11D3-BF4B-00C04F79EFBC}") = "FinanceApp.Infrastructure", "FinanceApp.Infrastructure\FinanceApp.Infrastructure.csproj", "{AC0ED0DB-3FBF-4730-9897-A96D144A24E8}"
EndProject
Project("{FAE04EC0-301F-11D3-BF4B-00C04F79EFBC}") = "FinanceApp.Api", "FinanceApp.Api\FinanceApp.Api.csproj", "{2D1C12EE-D588-4F9B-B5B2-F4E3B88604D1}"
EndProject
Global
	GlobalSection(SolutionConfigurationPlatforms) = preSolution
		Debug|Any CPU = Debug|Any CPU
		Release|Any CPU = Release|Any CPU
	EndGlobalSection
	GlobalSection(ProjectConfigurationPlatforms) = postSolution
		{2F13FE11-5A82-438A-B87F-D490C324AA60}.Debug|Any CPU.ActiveCfg = Debug|Any CPU
		{2F13FE11-5A82-438A-B87F-D490C324AA60}.Debug|Any CPU.Build.0 = Debug|Any CPU
		{2F13FE11-5A82-438A-B87F-D490C324AA60}.Release|Any CPU.ActiveCfg = Release|Any CPU
		{2F13FE11-5A82-438A-B87F-D490C324AA60}.Release|Any CPU.Build.0 = Release|Any CPU
		{19929BC7-110D-46EF-BE13-0A4F8A29AA3A}.Debug|Any CPU.ActiveCfg = Debug|Any CPU
		{19929BC7-110D-46EF-BE13-0A4F8A29AA3A}.Debug|Any CPU.Build.0 = Debug|Any CPU
		{19929BC7-110D-46EF-BE13-0A4F8A29AA3A}.Release|Any CPU.ActiveCfg = Release|Any CPU
		{19929BC7-110D-46EF-BE13-0A4F8A29AA3A}.Release|Any CPU.Build.0 = Release|Any CPU
		{AC0ED0DB-3FBF-4730-9897-A96D144A24E8}.Debug|Any CPU.ActiveCfg = Debug|Any CPU
		{AC0ED0DB-3FBF-4730-9897-A96D144A24E8}.Debug|Any CPU.Build.0 = Debug|Any CPU
		{AC0ED0DB-3FBF-4730-9897-A96D144A24E8}.Release|Any CPU.ActiveCfg = Release|Any CPU
		{AC0ED0DB-3FBF-4730-9897-A96D144A24E8}.Release|Any CPU.Build.0 = Release|Any CPU
		{2D1C12EE-D588-4F9B-B5B2-F4E3B88604D1}.Debug|Any CPU.ActiveCfg = Debug|Any CPU
		{2D1C12EE-D588-4F9B-B5B2-F4E3B88604D1}.Debug|Any CPU.Build.0 = Debug|Any CPU
		{2D1C12EE-D588-4F9B-B5B2-F4E3B88604D1}.Release|Any CPU.ActiveCfg = Release|Any CPU
		{2D1C12EE-D588-4F9B-B5B2-F4E3B88604D1}.Release|Any CPU.Build.0 = Release|Any CPU
	EndGlobalSection
	GlobalSection(SolutionProperties) = preSolution
		HideSolutionNode = FALSE
	EndGlobalSection
	GlobalSection(ExtensibilityGlobals) = postSolution
		SolutionGuid = {EB47A7D5-0D90-4C04-B83B-14DAF5B224E7}
	EndGlobalSection
EndGlobal
